// !$*UTF8*$!
{
	archiveVersion = 1;
	classes = {
	};
	objectVersion = 56;
	objects = {

/* Begin PBXBuildFile section */
		AE1FFD672C7BA8DF0032FAFB /* NavBarController.swift in Sources */ = {isa = PBXBuildFile; fileRef = AE1FFD662C7BA8DF0032FAFB /* NavBarController.swift */; };
		AE1FFD6A2C7BACB50032FAFB /* BaseController.swift in Sources */ = {isa = PBXBuildFile; fileRef = AE1FFD692C7BACB50032FAFB /* BaseController.swift */; };
		AE1FFD6C2C7BAEE00032FAFB /* UIView + ext.swift in Sources */ = {isa = PBXBuildFile; fileRef = AE1FFD6B2C7BAEE00032FAFB /* UIView + ext.swift */; };
		AE1FFD732C7BB08D0032FAFB /* OverviewController.swift in Sources */ = {isa = PBXBuildFile; fileRef = AE1FFD722C7BB08D0032FAFB /* OverviewController.swift */; };
		AE1FFD752C7BB0A10032FAFB /* SessionController.swift in Sources */ = {isa = PBXBuildFile; fileRef = AE1FFD742C7BB0A10032FAFB /* SessionController.swift */; };
		AE1FFD772C7BBF3A0032FAFB /* ProgressController.swift in Sources */ = {isa = PBXBuildFile; fileRef = AE1FFD762C7BBF3A0032FAFB /* ProgressController.swift */; };
		AE1FFD792C7BBF6B0032FAFB /* SettingsController.swift in Sources */ = {isa = PBXBuildFile; fileRef = AE1FFD782C7BBF6B0032FAFB /* SettingsController.swift */; };
		AE1FFD7D2C7D12600032FAFB /* SecondaryButton.swift in Sources */ = {isa = PBXBuildFile; fileRef = AE1FFD7C2C7D12600032FAFB /* SecondaryButton.swift */; };
		AE5AD82F2C77DB9400F65F44 /* AppDelegate.swift in Sources */ = {isa = PBXBuildFile; fileRef = AE5AD82E2C77DB9400F65F44 /* AppDelegate.swift */; };
		AE5AD8312C77DB9400F65F44 /* SceneDelegate.swift in Sources */ = {isa = PBXBuildFile; fileRef = AE5AD8302C77DB9400F65F44 /* SceneDelegate.swift */; };
		AE5AD8332C77DB9400F65F44 /* OverViewController.swift in Sources */ = {isa = PBXBuildFile; fileRef = AE5AD8322C77DB9400F65F44 /* OverViewController.swift */; };
		AE5AD8382C77DB9500F65F44 /* Assets.xcassets in Resources */ = {isa = PBXBuildFile; fileRef = AE5AD8372C77DB9500F65F44 /* Assets.xcassets */; };
		AE5AD83B2C77DB9500F65F44 /* LaunchScreen.storyboard in Resources */ = {isa = PBXBuildFile; fileRef = AE5AD8392C77DB9500F65F44 /* LaunchScreen.storyboard */; };
		AE5AD8452C77DD6700F65F44 /* TabBarController.swift in Sources */ = {isa = PBXBuildFile; fileRef = AE5AD8442C77DD6700F65F44 /* TabBarController.swift */; };
		AE5AD8482C77DDBC00F65F44 /* UIColor + ext.swift in Sources */ = {isa = PBXBuildFile; fileRef = AE5AD8472C77DDBC00F65F44 /* UIColor + ext.swift */; };
		AE5AD84B2C77DE3000F65F44 /* Resourses.swift in Sources */ = {isa = PBXBuildFile; fileRef = AE5AD84A2C77DE3000F65F44 /* Resourses.swift */; };
/* End PBXBuildFile section */

/* Begin PBXFileReference section */
		AE1FFD662C7BA8DF0032FAFB /* NavBarController.swift */ = {isa = PBXFileReference; lastKnownFileType = sourcecode.swift; path = NavBarController.swift; sourceTree = "<group>"; };
		AE1FFD692C7BACB50032FAFB /* BaseController.swift */ = {isa = PBXFileReference; lastKnownFileType = sourcecode.swift; path = BaseController.swift; sourceTree = "<group>"; };
		AE1FFD6B2C7BAEE00032FAFB /* UIView + ext.swift */ = {isa = PBXFileReference; lastKnownFileType = sourcecode.swift; path = "UIView + ext.swift"; sourceTree = "<group>"; };
		AE1FFD722C7BB08D0032FAFB /* OverviewController.swift */ = {isa = PBXFileReference; lastKnownFileType = sourcecode.swift; path = OverviewController.swift; sourceTree = "<group>"; };
		AE1FFD742C7BB0A10032FAFB /* SessionController.swift */ = {isa = PBXFileReference; lastKnownFileType = sourcecode.swift; path = SessionController.swift; sourceTree = "<group>"; };
		AE1FFD762C7BBF3A0032FAFB /* ProgressController.swift */ = {isa = PBXFileReference; lastKnownFileType = sourcecode.swift; path = ProgressController.swift; sourceTree = "<group>"; };
		AE1FFD782C7BBF6B0032FAFB /* SettingsController.swift */ = {isa = PBXFileReference; lastKnownFileType = sourcecode.swift; path = SettingsController.swift; sourceTree = "<group>"; };
		AE1FFD7C2C7D12600032FAFB /* SecondaryButton.swift */ = {isa = PBXFileReference; lastKnownFileType = sourcecode.swift; path = SecondaryButton.swift; sourceTree = "<group>"; };
		AE5AD82B2C77DB9400F65F44 /* AppWorkout.app */ = {isa = PBXFileReference; explicitFileType = wrapper.application; includeInIndex = 0; path = AppWorkout.app; sourceTree = BUILT_PRODUCTS_DIR; };
		AE5AD82E2C77DB9400F65F44 /* AppDelegate.swift */ = {isa = PBXFileReference; lastKnownFileType = sourcecode.swift; path = AppDelegate.swift; sourceTree = "<group>"; };
		AE5AD8302C77DB9400F65F44 /* SceneDelegate.swift */ = {isa = PBXFileReference; lastKnownFileType = sourcecode.swift; path = SceneDelegate.swift; sourceTree = "<group>"; };
		AE5AD8322C77DB9400F65F44 /* OverViewController.swift */ = {isa = PBXFileReference; lastKnownFileType = sourcecode.swift; path = OverViewController.swift; sourceTree = "<group>"; };
		AE5AD8372C77DB9500F65F44 /* Assets.xcassets */ = {isa = PBXFileReference; lastKnownFileType = folder.assetcatalog; path = Assets.xcassets; sourceTree = "<group>"; };
		AE5AD83A2C77DB9500F65F44 /* Base */ = {isa = PBXFileReference; lastKnownFileType = file.storyboard; name = Base; path = Base.lproj/LaunchScreen.storyboard; sourceTree = "<group>"; };
		AE5AD83C2C77DB9500F65F44 /* Info.plist */ = {isa = PBXFileReference; lastKnownFileType = text.plist.xml; path = Info.plist; sourceTree = "<group>"; };
		AE5AD8442C77DD6700F65F44 /* TabBarController.swift */ = {isa = PBXFileReference; lastKnownFileType = sourcecode.swift; path = TabBarController.swift; sourceTree = "<group>"; };
		AE5AD8472C77DDBC00F65F44 /* UIColor + ext.swift */ = {isa = PBXFileReference; lastKnownFileType = sourcecode.swift; path = "UIColor + ext.swift"; sourceTree = "<group>"; };
		AE5AD84A2C77DE3000F65F44 /* Resourses.swift */ = {isa = PBXFileReference; lastKnownFileType = sourcecode.swift; path = Resourses.swift; sourceTree = "<group>"; };
/* End PBXFileReference section */

/* Begin PBXFrameworksBuildPhase section */
		AE5AD8282C77DB9400F65F44 /* Frameworks */ = {
			isa = PBXFrameworksBuildPhase;
			buildActionMask = 2147483647;
			files = (
			);
			runOnlyForDeploymentPostprocessing = 0;
		};
/* End PBXFrameworksBuildPhase section */

/* Begin PBXGroup section */
		AE1FFD682C7BAC9A0032FAFB /* Controllers */ = {
			isa = PBXGroup;
			children = (
				AE1FFD702C7BB03A0032FAFB /* Settings */,
				AE1FFD6F2C7BB02A0032FAFB /* Progress */,
				AE1FFD6E2C7BB01C0032FAFB /* Sessions */,
				AE1FFD6D2C7BB0100032FAFB /* OverView */,
				AE1FFD712C7BB0670032FAFB /* Base */,
			);
			path = Controllers;
			sourceTree = "<group>";
		};
		AE1FFD6D2C7BB0100032FAFB /* OverView */ = {
			isa = PBXGroup;
			children = (
				AE1FFD722C7BB08D0032FAFB /* OverviewController.swift */,
			);
			path = OverView;
			sourceTree = "<group>";
		};
		AE1FFD6E2C7BB01C0032FAFB /* Sessions */ = {
			isa = PBXGroup;
			children = (
				AE1FFD742C7BB0A10032FAFB /* SessionController.swift */,
			);
			path = Sessions;
			sourceTree = "<group>";
		};
		AE1FFD6F2C7BB02A0032FAFB /* Progress */ = {
			isa = PBXGroup;
			children = (
				AE1FFD762C7BBF3A0032FAFB /* ProgressController.swift */,
			);
			path = Progress;
			sourceTree = "<group>";
		};
		AE1FFD702C7BB03A0032FAFB /* Settings */ = {
			isa = PBXGroup;
			children = (
				AE1FFD782C7BBF6B0032FAFB /* SettingsController.swift */,
			);
			path = Settings;
			sourceTree = "<group>";
		};
		AE1FFD712C7BB0670032FAFB /* Base */ = {
			isa = PBXGroup;
			children = (
				AE5AD8442C77DD6700F65F44 /* TabBarController.swift */,
				AE1FFD662C7BA8DF0032FAFB /* NavBarController.swift */,
				AE1FFD692C7BACB50032FAFB /* BaseController.swift */,
			);
			path = Base;
			sourceTree = "<group>";
		};
		AE1FFD7A2C7D12160032FAFB /* OverView */ = {
			isa = PBXGroup;
			children = (
				AE1FFD7B2C7D122E0032FAFB /* Views */,
				AE5AD8322C77DB9400F65F44 /* OverViewController.swift */,
			);
			path = OverView;
			sourceTree = "<group>";
		};
		AE1FFD7B2C7D122E0032FAFB /* Views */ = {
			isa = PBXGroup;
			children = (
				AE1FFD7C2C7D12600032FAFB /* SecondaryButton.swift */,
			);
			path = Views;
			sourceTree = "<group>";
		};
		AE5AD8222C77DB9400F65F44 = {
			isa = PBXGroup;
			children = (
				AE5AD82D2C77DB9400F65F44 /* AppWorkout */,
				AE5AD82C2C77DB9400F65F44 /* Products */,
			);
			sourceTree = "<group>";
		};
		AE5AD82C2C77DB9400F65F44 /* Products */ = {
			isa = PBXGroup;
			children = (
				AE5AD82B2C77DB9400F65F44 /* AppWorkout.app */,
			);
			name = Products;
			sourceTree = "<group>";
		};
		AE5AD82D2C77DB9400F65F44 /* AppWorkout */ = {
			isa = PBXGroup;
			children = (
				AE5AD8462C77DDA900F65F44 /* Helpers */,
				AE5AD8422C77DC6C00F65F44 /* Application */,
				AE1FFD7A2C7D12160032FAFB /* OverView */,
				AE1FFD682C7BAC9A0032FAFB /* Controllers */,
				AE5AD8432C77DC8B00F65F44 /* SupportingFiles */,
			);
			path = AppWorkout;
			sourceTree = "<group>";
		};
		AE5AD8422C77DC6C00F65F44 /* Application */ = {
			isa = PBXGroup;
			children = (
				AE5AD82E2C77DB9400F65F44 /* AppDelegate.swift */,
				AE5AD8302C77DB9400F65F44 /* SceneDelegate.swift */,
			);
			path = Application;
			sourceTree = "<group>";
		};
		AE5AD8432C77DC8B00F65F44 /* SupportingFiles */ = {
			isa = PBXGroup;
			children = (
				AE5AD8372C77DB9500F65F44 /* Assets.xcassets */,
				AE5AD8392C77DB9500F65F44 /* LaunchScreen.storyboard */,
				AE5AD83C2C77DB9500F65F44 /* Info.plist */,
			);
			path = SupportingFiles;
			sourceTree = "<group>";
		};
		AE5AD8462C77DDA900F65F44 /* Helpers */ = {
			isa = PBXGroup;
			children = (
				AE5AD8492C77DDC100F65F44 /* Extensions */,
				AE5AD84A2C77DE3000F65F44 /* Resourses.swift */,
			);
			path = Helpers;
			sourceTree = "<group>";
		};
		AE5AD8492C77DDC100F65F44 /* Extensions */ = {
			isa = PBXGroup;
			children = (
				AE5AD8472C77DDBC00F65F44 /* UIColor + ext.swift */,
				AE1FFD6B2C7BAEE00032FAFB /* UIView + ext.swift */,
			);
			path = Extensions;
			sourceTree = "<group>";
		};
/* End PBXGroup section */

/* Begin PBXNativeTarget section */
		AE5AD82A2C77DB9400F65F44 /* AppWorkout */ = {
			isa = PBXNativeTarget;
			buildConfigurationList = AE5AD83F2C77DB9500F65F44 /* Build configuration list for PBXNativeTarget "AppWorkout" */;
			buildPhases = (
				AE5AD8272C77DB9400F65F44 /* Sources */,
				AE5AD8282C77DB9400F65F44 /* Frameworks */,
				AE5AD8292C77DB9400F65F44 /* Resources */,
			);
			buildRules = (
			);
			dependencies = (
			);
			name = AppWorkout;
			productName = AppWorkout;
			productReference = AE5AD82B2C77DB9400F65F44 /* AppWorkout.app */;
			productType = "com.apple.product-type.application";
		};
/* End PBXNativeTarget section */

/* Begin PBXProject section */
		AE5AD8232C77DB9400F65F44 /* Project object */ = {
			isa = PBXProject;
			attributes = {
				BuildIndependentTargetsInParallel = 1;
				LastSwiftUpdateCheck = 1500;
				LastUpgradeCheck = 1500;
				TargetAttributes = {
					AE5AD82A2C77DB9400F65F44 = {
						CreatedOnToolsVersion = 15.0.1;
					};
				};
			};
			buildConfigurationList = AE5AD8262C77DB9400F65F44 /* Build configuration list for PBXProject "AppWorkout" */;
			compatibilityVersion = "Xcode 14.0";
			developmentRegion = en;
			hasScannedForEncodings = 0;
			knownRegions = (
				en,
				Base,
			);
			mainGroup = AE5AD8222C77DB9400F65F44;
			productRefGroup = AE5AD82C2C77DB9400F65F44 /* Products */;
			projectDirPath = "";
			projectRoot = "";
			targets = (
				AE5AD82A2C77DB9400F65F44 /* AppWorkout */,
			);
		};
/* End PBXProject section */

/* Begin PBXResourcesBuildPhase section */
		AE5AD8292C77DB9400F65F44 /* Resources */ = {
			isa = PBXResourcesBuildPhase;
			buildActionMask = 2147483647;
			files = (
				AE5AD83B2C77DB9500F65F44 /* LaunchScreen.storyboard in Resources */,
				AE5AD8382C77DB9500F65F44 /* Assets.xcassets in Resources */,
			);
			runOnlyForDeploymentPostprocessing = 0;
		};
/* End PBXResourcesBuildPhase section */

/* Begin PBXSourcesBuildPhase section */
		AE5AD8272C77DB9400F65F44 /* Sources */ = {
			isa = PBXSourcesBuildPhase;
			buildActionMask = 2147483647;
			files = (
				AE5AD8332C77DB9400F65F44 /* OverViewController.swift in Sources */,
				AE1FFD792C7BBF6B0032FAFB /* SettingsController.swift in Sources */,
				AE1FFD752C7BB0A10032FAFB /* SessionController.swift in Sources */,
				AE1FFD6C2C7BAEE00032FAFB /* UIView + ext.swift in Sources */,
				AE5AD8452C77DD6700F65F44 /* TabBarController.swift in Sources */,
				AE5AD82F2C77DB9400F65F44 /* AppDelegate.swift in Sources */,
				AE1FFD672C7BA8DF0032FAFB /* NavBarController.swift in Sources */,
				AE5AD84B2C77DE3000F65F44 /* Resourses.swift in Sources */,
				AE5AD8482C77DDBC00F65F44 /* UIColor + ext.swift in Sources */,
				AE1FFD772C7BBF3A0032FAFB /* ProgressController.swift in Sources */,
				AE1FFD7D2C7D12600032FAFB /* SecondaryButton.swift in Sources */,
				AE1FFD6A2C7BACB50032FAFB /* BaseController.swift in Sources */,
				AE1FFD732C7BB08D0032FAFB /* OverviewController.swift in Sources */,
				AE5AD8312C77DB9400F65F44 /* SceneDelegate.swift in Sources */,
			);
			runOnlyForDeploymentPostprocessing = 0;
		};
/* End PBXSourcesBuildPhase section */

/* Begin PBXVariantGroup section */
		AE5AD8392C77DB9500F65F44 /* LaunchScreen.storyboard */ = {
			isa = PBXVariantGroup;
			children = (
				AE5AD83A2C77DB9500F65F44 /* Base */,
			);
			name = LaunchScreen.storyboard;
			sourceTree = "<group>";
		};
/* End PBXVariantGroup section */

/* Begin XCBuildConfiguration section */
		AE5AD83D2C77DB9500F65F44 /* Debug */ = {
			isa = XCBuildConfiguration;
			buildSettings = {
				ALWAYS_SEARCH_USER_PATHS = NO;
				ASSETCATALOG_COMPILER_GENERATE_SWIFT_ASSET_SYMBOL_EXTENSIONS = YES;
				CLANG_ANALYZER_NONNULL = YES;
				CLANG_ANALYZER_NUMBER_OBJECT_CONVERSION = YES_AGGRESSIVE;
				CLANG_CXX_LANGUAGE_STANDARD = "gnu++20";
				CLANG_ENABLE_MODULES = YES;
				CLANG_ENABLE_OBJC_ARC = YES;
				CLANG_ENABLE_OBJC_WEAK = YES;
				CLANG_WARN_BLOCK_CAPTURE_AUTORELEASING = YES;
				CLANG_WARN_BOOL_CONVERSION = YES;
				CLANG_WARN_COMMA = YES;
				CLANG_WARN_CONSTANT_CONVERSION = YES;
				CLANG_WARN_DEPRECATED_OBJC_IMPLEMENTATIONS = YES;
				CLANG_WARN_DIRECT_OBJC_ISA_USAGE = YES_ERROR;
				CLANG_WARN_DOCUMENTATION_COMMENTS = YES;
				CLANG_WARN_EMPTY_BODY = YES;
				CLANG_WARN_ENUM_CONVERSION = YES;
				CLANG_WARN_INFINITE_RECURSION = YES;
				CLANG_WARN_INT_CONVERSION = YES;
				CLANG_WARN_NON_LITERAL_NULL_CONVERSION = YES;
				CLANG_WARN_OBJC_IMPLICIT_RETAIN_SELF = YES;
				CLANG_WARN_OBJC_LITERAL_CONVERSION = YES;
				CLANG_WARN_OBJC_ROOT_CLASS = YES_ERROR;
				CLANG_WARN_QUOTED_INCLUDE_IN_FRAMEWORK_HEADER = YES;
				CLANG_WARN_RANGE_LOOP_ANALYSIS = YES;
				CLANG_WARN_STRICT_PROTOTYPES = YES;
				CLANG_WARN_SUSPICIOUS_MOVE = YES;
				CLANG_WARN_UNGUARDED_AVAILABILITY = YES_AGGRESSIVE;
				CLANG_WARN_UNREACHABLE_CODE = YES;
				CLANG_WARN__DUPLICATE_METHOD_MATCH = YES;
				COPY_PHASE_STRIP = NO;
				DEBUG_INFORMATION_FORMAT = dwarf;
				ENABLE_STRICT_OBJC_MSGSEND = YES;
				ENABLE_TESTABILITY = YES;
				ENABLE_USER_SCRIPT_SANDBOXING = YES;
				GCC_C_LANGUAGE_STANDARD = gnu17;
				GCC_DYNAMIC_NO_PIC = NO;
				GCC_NO_COMMON_BLOCKS = YES;
				GCC_OPTIMIZATION_LEVEL = 0;
				GCC_PREPROCESSOR_DEFINITIONS = (
					"DEBUG=1",
					"$(inherited)",
				);
				GCC_WARN_64_TO_32_BIT_CONVERSION = YES;
				GCC_WARN_ABOUT_RETURN_TYPE = YES_ERROR;
				GCC_WARN_UNDECLARED_SELECTOR = YES;
				GCC_WARN_UNINITIALIZED_AUTOS = YES_AGGRESSIVE;
				GCC_WARN_UNUSED_FUNCTION = YES;
				GCC_WARN_UNUSED_VARIABLE = YES;
				IPHONEOS_DEPLOYMENT_TARGET = 17.0;
				LOCALIZATION_PREFERS_STRING_CATALOGS = YES;
				MTL_ENABLE_DEBUG_INFO = INCLUDE_SOURCE;
				MTL_FAST_MATH = YES;
				ONLY_ACTIVE_ARCH = YES;
				SDKROOT = iphoneos;
				SWIFT_ACTIVE_COMPILATION_CONDITIONS = "DEBUG $(inherited)";
				SWIFT_OPTIMIZATION_LEVEL = "-Onone";
			};
			name = Debug;
		};
		AE5AD83E2C77DB9500F65F44 /* Release */ = {
			isa = XCBuildConfiguration;
			buildSettings = {
				ALWAYS_SEARCH_USER_PATHS = NO;
				ASSETCATALOG_COMPILER_GENERATE_SWIFT_ASSET_SYMBOL_EXTENSIONS = YES;
				CLANG_ANALYZER_NONNULL = YES;
				CLANG_ANALYZER_NUMBER_OBJECT_CONVERSION = YES_AGGRESSIVE;
				CLANG_CXX_LANGUAGE_STANDARD = "gnu++20";
				CLANG_ENABLE_MODULES = YES;
				CLANG_ENABLE_OBJC_ARC = YES;
				CLANG_ENABLE_OBJC_WEAK = YES;
				CLANG_WARN_BLOCK_CAPTURE_AUTORELEASING = YES;
				CLANG_WARN_BOOL_CONVERSION = YES;
				CLANG_WARN_COMMA = YES;
				CLANG_WARN_CONSTANT_CONVERSION = YES;
				CLANG_WARN_DEPRECATED_OBJC_IMPLEMENTATIONS = YES;
				CLANG_WARN_DIRECT_OBJC_ISA_USAGE = YES_ERROR;
				CLANG_WARN_DOCUMENTATION_COMMENTS = YES;
				CLANG_WARN_EMPTY_BODY = YES;
				CLANG_WARN_ENUM_CONVERSION = YES;
				CLANG_WARN_INFINITE_RECURSION = YES;
				CLANG_WARN_INT_CONVERSION = YES;
				CLANG_WARN_NON_LITERAL_NULL_CONVERSION = YES;
				CLANG_WARN_OBJC_IMPLICIT_RETAIN_SELF = YES;
				CLANG_WARN_OBJC_LITERAL_CONVERSION = YES;
				CLANG_WARN_OBJC_ROOT_CLASS = YES_ERROR;
				CLANG_WARN_QUOTED_INCLUDE_IN_FRAMEWORK_HEADER = YES;
				CLANG_WARN_RANGE_LOOP_ANALYSIS = YES;
				CLANG_WARN_STRICT_PROTOTYPES = YES;
				CLANG_WARN_SUSPICIOUS_MOVE = YES;
				CLANG_WARN_UNGUARDED_AVAILABILITY = YES_AGGRESSIVE;
				CLANG_WARN_UNREACHABLE_CODE = YES;
				CLANG_WARN__DUPLICATE_METHOD_MATCH = YES;
				COPY_PHASE_STRIP = NO;
				DEBUG_INFORMATION_FORMAT = "dwarf-with-dsym";
				ENABLE_NS_ASSERTIONS = NO;
				ENABLE_STRICT_OBJC_MSGSEND = YES;
				ENABLE_USER_SCRIPT_SANDBOXING = YES;
				GCC_C_LANGUAGE_STANDARD = gnu17;
				GCC_NO_COMMON_BLOCKS = YES;
				GCC_WARN_64_TO_32_BIT_CONVERSION = YES;
				GCC_WARN_ABOUT_RETURN_TYPE = YES_ERROR;
				GCC_WARN_UNDECLARED_SELECTOR = YES;
				GCC_WARN_UNINITIALIZED_AUTOS = YES_AGGRESSIVE;
				GCC_WARN_UNUSED_FUNCTION = YES;
				GCC_WARN_UNUSED_VARIABLE = YES;
				IPHONEOS_DEPLOYMENT_TARGET = 17.0;
				LOCALIZATION_PREFERS_STRING_CATALOGS = YES;
				MTL_ENABLE_DEBUG_INFO = NO;
				MTL_FAST_MATH = YES;
				SDKROOT = iphoneos;
				SWIFT_COMPILATION_MODE = wholemodule;
				VALIDATE_PRODUCT = YES;
			};
			name = Release;
		};
		AE5AD8402C77DB9500F65F44 /* Debug */ = {
			isa = XCBuildConfiguration;
			buildSettings = {
				ASSETCATALOG_COMPILER_APPICON_NAME = AppIcon;
				ASSETCATALOG_COMPILER_GLOBAL_ACCENT_COLOR_NAME = AccentColor;
				CODE_SIGN_STYLE = Automatic;
				CURRENT_PROJECT_VERSION = 1;
				GENERATE_INFOPLIST_FILE = YES;
				INFOPLIST_FILE = AppWorkout/SupportingFiles/Info.plist;
				INFOPLIST_KEY_UIApplicationSupportsIndirectInputEvents = YES;
				INFOPLIST_KEY_UILaunchStoryboardName = LaunchScreen;
				INFOPLIST_KEY_UIStatusBarStyle = "";
				INFOPLIST_KEY_UISupportedInterfaceOrientations = UIInterfaceOrientationPortrait;
				LD_RUNPATH_SEARCH_PATHS = (
					"$(inherited)",
					"@executable_path/Frameworks",
				);
				MARKETING_VERSION = 1.0;
				PRODUCT_BUNDLE_IDENTIFIER = new.AppWorkout;
				PRODUCT_NAME = "$(TARGET_NAME)";
				SUPPORTED_PLATFORMS = "iphoneos iphonesimulator";
				SUPPORTS_MACCATALYST = NO;
				SWIFT_EMIT_LOC_STRINGS = YES;
				SWIFT_VERSION = 5.0;
				TARGETED_DEVICE_FAMILY = 1;
			};
			name = Debug;
		};
		AE5AD8412C77DB9500F65F44 /* Release */ = {
			isa = XCBuildConfiguration;
			buildSettings = {
				ASSETCATALOG_COMPILER_APPICON_NAME = AppIcon;
				ASSETCATALOG_COMPILER_GLOBAL_ACCENT_COLOR_NAME = AccentColor;
				CODE_SIGN_STYLE = Automatic;
				CURRENT_PROJECT_VERSION = 1;
				GENERATE_INFOPLIST_FILE = YES;
				INFOPLIST_FILE = AppWorkout/SupportingFiles/Info.plist;
				INFOPLIST_KEY_UIApplicationSupportsIndirectInputEvents = YES;
				INFOPLIST_KEY_UILaunchStoryboardName = LaunchScreen;
				INFOPLIST_KEY_UIStatusBarStyle = "";
				INFOPLIST_KEY_UISupportedInterfaceOrientations = UIInterfaceOrientationPortrait;
				LD_RUNPATH_SEARCH_PATHS = (
					"$(inherited)",
					"@executable_path/Frameworks",
				);
				MARKETING_VERSION = 1.0;
				PRODUCT_BUNDLE_IDENTIFIER = new.AppWorkout;
				PRODUCT_NAME = "$(TARGET_NAME)";
				SUPPORTED_PLATFORMS = "iphoneos iphonesimulator";
				SUPPORTS_MACCATALYST = NO;
				SWIFT_EMIT_LOC_STRINGS = YES;
				SWIFT_VERSION = 5.0;
				TARGETED_DEVICE_FAMILY = 1;
			};
			name = Release;
		};
/* End XCBuildConfiguration section */

/* Begin XCConfigurationList section */
		AE5AD8262C77DB9400F65F44 /* Build configuration list for PBXProject "AppWorkout" */ = {
			isa = XCConfigurationList;
			buildConfigurations = (
				AE5AD83D2C77DB9500F65F44 /* Debug */,
				AE5AD83E2C77DB9500F65F44 /* Release */,
			);
			defaultConfigurationIsVisible = 0;
			defaultConfigurationName = Release;
		};
		AE5AD83F2C77DB9500F65F44 /* Build configuration list for PBXNativeTarget "AppWorkout" */ = {
			isa = XCConfigurationList;
			buildConfigurations = (
				AE5AD8402C77DB9500F65F44 /* Debug */,
				AE5AD8412C77DB9500F65F44 /* Release */,
			);
			defaultConfigurationIsVisible = 0;
			defaultConfigurationName = Release;
		};
/* End XCConfigurationList section */
	};
	rootObject = AE5AD8232C77DB9400F65F44 /* Project object */;
}
